{
  "name": "blockchainintegrationbyvaldemiris",
  "version": "1.0.0",
  "lockfileVersion": 3,
  "requires": true,
  "packages": {
    "": {
      "name": "blockchainintegrationbyvaldemiris",
      "version": "1.0.0",
      "license": "MIT",
      "dependencies": {
        "geolocationhelpervaldemiris": "^1.0.1"
      }
    },
    "node_modules/blockchainintegrationbyvaldemiris": {
      "version": "1.0.0",
      "resolved": "https://registry.npmjs.org/blockchainintegrationbyvaldemiris/-/blockchainintegrationbyvaldemiris-1.0.0.tgz",
      "integrity": "sha512-XWZi9QwWv0xVHqM/5FKRuEeWBtjlBtuMLwNCuF2LRFToMGpHiObGQ3Z6M/jBNafKZT0TmRX8AU6AmtZdo8gIXA=="
    },
    "node_modules/geolocationhelpervaldemiris": {
      "version": "1.0.1",
      "resolved": "https://registry.npmjs.org/geolocationhelpervaldemiris/-/geolocationhelpervaldemiris-1.0.1.tgz",
      "integrity": "sha512-qsVXZbxYlvOUc8tTtcT1TFHCI/ZiLeHB/3omCdzQz8A8jw5rJJr/pHcBowBleBcaWZGvAO2jYr0/Wm8eJQezqA==",
      "dependencies": {
        "blockchainintegrationbyvaldemiris": "^1.0.0"
      }
    }
  }
}
